{
  "version": 4,
  "terraform_version": "1.12.1",
  "serial": 801,
  "lineage": "de55bc7a-1722-7856-1afa-dee64aef9871",
  "outputs": {
    "alb_dns_name": {
      "value": "web-alb-dev-283789134.us-east-1.elb.amazonaws.com",
      "type": "string"
    },
    "app_asg_name": {
      "value": "app-asg-dev",
      "type": "string"
    },
    "db_endpoint": {
      "value": "three-tier-db-dev.cqx82m8oyoh0.us-east-1.rds.amazonaws.com:5432",
      "type": "string"
    },
    "vpc_id": {
      "value": "vpc-0c0b4077c9d3e6c9e",
      "type": "string"
    },
    "web_asg_name": {
      "value": "web-asg-dev",
      "type": "string"
    }
  },
  "resources": [
    {
      "mode": "data",
      "type": "aws_availability_zones",
      "name": "available",
      "provider": "provider[\"registry.terraform.io/hashicorp/aws\"]",
      "instances": [
        {
          "schema_version": 0,
          "attributes": {
            "all_availability_zones": null,
            "exclude_names": null,
            "exclude_zone_ids": null,
            "filter": null,
            "group_names": [
              "us-east-1-zg-1"
            ],
            "id": "us-east-1",
            "names": [
              "us-east-1a",
              "us-east-1b",
              "us-east-1c",
              "us-east-1d",
              "us-east-1e",
              "us-east-1f"
            ],
            "state": "available",
            "timeouts": null,
            "zone_ids": [
              "use1-az1",
              "use1-az2",
              "use1-az4",
              "use1-az6",
              "use1-az3",
              "use1-az5"
            ]
          },
          "sensitive_attributes": [],
          "identity_schema_version": 0
        }
      ]
    },
    {
      "mode": "managed",
      "type": "aws_autoscaling_group",
      "name": "app_asg",
      "provider": "provider[\"registry.terraform.io/hashicorp/aws\"]",
      "instances": [
        {
          "schema_version": 1,
          "attributes": {
            "arn": "arn:aws:autoscaling:us-east-1:323890960507:autoScalingGroup:ea071b2c-0c5d-44a8-aa96-8d37f4e4c076:autoScalingGroupName/app-asg-dev",
            "availability_zones": [
              "us-east-1a",
              "us-east-1b"
            ],
            "capacity_rebalance": false,
            "context": "",
            "default_cooldown": 300,
            "default_instance_warmup": 0,
            "desired_capacity": 1,
            "desired_capacity_type": "",
            "enabled_metrics": [],
            "force_delete": false,
            "force_delete_warm_pool": false,
            "health_check_grace_period": 300,
            "health_check_type": "EC2",
            "id": "app-asg-dev",
            "ignore_failed_scaling_activities": false,
            "initial_lifecycle_hook": [],
            "instance_maintenance_policy": [],
            "instance_refresh": [],
            "launch_configuration": "",
            "launch_template": [
              {
                "id": "lt-075394b9c78f783ad",
                "name": "app-lt-dev",
                "version": "$Latest"
              }
            ],
            "load_balancers": [],
            "max_instance_lifetime": 0,
            "max_size": 3,
            "metrics_granularity": "1Minute",
            "min_elb_capacity": null,
            "min_size": 1,
            "mixed_instances_policy": [],
            "name": "app-asg-dev",
            "name_prefix": "",
            "placement_group": "",
            "predicted_capacity": 0,
            "protect_from_scale_in": false,
            "service_linked_role_arn": "arn:aws:iam::323890960507:role/aws-service-role/autoscaling.amazonaws.com/AWSServiceRoleForAutoScaling",
            "suspended_processes": [],
            "tag": [
              {
                "key": "Name",
                "propagate_at_launch": true,
                "value": "app-server-dev"
              }
            ],
            "target_group_arns": [
              "arn:aws:elasticloadbalancing:us-east-1:323890960507:targetgroup/app-tg-dev/ac991971964978e0"
            ],
            "termination_policies": [],
            "timeouts": null,
            "traffic_source": [
              {
                "identifier": "arn:aws:elasticloadbalancing:us-east-1:323890960507:targetgroup/app-tg-dev/ac991971964978e0",
                "type": "elbv2"
              }
            ],
            "vpc_zone_identifier": [
              "subnet-0734d28ab4dd2c0e0",
              "subnet-0af0ca9f07e09ffde"
            ],
            "wait_for_capacity_timeout": "10m",
            "wait_for_elb_capacity": null,
            "warm_pool": [],
            "warm_pool_size": 0
          },
          "sensitive_attributes": [],
          "identity_schema_version": 0,
          "private": "eyJlMmJmYjczMC1lY2FhLTExZTYtOGY4OC0zNDM2M2JjN2M0YzAiOnsiZGVsZXRlIjo2MDAwMDAwMDAwMDAsInVwZGF0ZSI6NjAwMDAwMDAwMDAwfSwic2NoZW1hX3ZlcnNpb24iOiIxIn0=",
          "dependencies": [
            "aws_db_instance.db",
            "aws_db_subnet_group.db_subnet",
            "aws_internet_gateway.gw",
            "aws_launch_template.app_lt",
            "aws_lb_target_group.app_tg",
            "aws_security_group.alb_sg",
            "aws_security_group.app_sg",
            "aws_security_group.db_sg",
            "aws_security_group.web_sg",
            "aws_subnet.private_app",
            "aws_subnet.private_db",
            "aws_vpc.main",
            "data.aws_availability_zones.available"
          ]
        }
      ]
    },
    {
      "mode": "managed",
      "type": "aws_autoscaling_group",
      "name": "web_asg",
      "provider": "provider[\"registry.terraform.io/hashicorp/aws\"]",
      "instances": [
        {
          "schema_version": 1,
          "attributes": {
            "arn": "arn:aws:autoscaling:us-east-1:323890960507:autoScalingGroup:b6c5c664-d729-44b5-ae43-7fe1858a0595:autoScalingGroupName/web-asg-dev",
            "availability_zones": [
              "us-east-1a",
              "us-east-1b"
            ],
            "capacity_rebalance": false,
            "context": "",
            "default_cooldown": 300,
            "default_instance_warmup": 0,
            "desired_capacity": 1,
            "desired_capacity_type": "",
            "enabled_metrics": [],
            "force_delete": false,
            "force_delete_warm_pool": false,
            "health_check_grace_period": 300,
            "health_check_type": "EC2",
            "id": "web-asg-dev",
            "ignore_failed_scaling_activities": false,
            "initial_lifecycle_hook": [],
            "instance_maintenance_policy": [],
            "instance_refresh": [],
            "launch_configuration": "",
            "launch_template": [
              {
                "id": "lt-0e63625e0a9587741",
                "name": "web-lt-dev",
                "version": "$Latest"
              }
            ],
            "load_balancers": [],
            "max_instance_lifetime": 0,
            "max_size": 3,
            "metrics_granularity": "1Minute",
            "min_elb_capacity": null,
            "min_size": 1,
            "mixed_instances_policy": [],
            "name": "web-asg-dev",
            "name_prefix": "",
            "placement_group": "",
            "predicted_capacity": 0,
            "protect_from_scale_in": false,
            "service_linked_role_arn": "arn:aws:iam::323890960507:role/aws-service-role/autoscaling.amazonaws.com/AWSServiceRoleForAutoScaling",
            "suspended_processes": [],
            "tag": [
              {
                "key": "Name",
                "propagate_at_launch": true,
                "value": "web-server-dev"
              }
            ],
            "target_group_arns": [
              "arn:aws:elasticloadbalancing:us-east-1:323890960507:targetgroup/web-tg-dev/dff9659a960e3396"
            ],
            "termination_policies": [],
            "timeouts": null,
            "traffic_source": [
              {
                "identifier": "arn:aws:elasticloadbalancing:us-east-1:323890960507:targetgroup/web-tg-dev/dff9659a960e3396",
                "type": "elbv2"
              }
            ],
            "vpc_zone_identifier": [
              "subnet-0278a9b134e62d20d",
              "subnet-09012e7d9982c48cb"
            ],
            "wait_for_capacity_timeout": "10m",
            "wait_for_elb_capacity": null,
            "warm_pool": [],
            "warm_pool_size": 0
          },
          "sensitive_attributes": [],
          "identity_schema_version": 0,
          "private": "eyJlMmJmYjczMC1lY2FhLTExZTYtOGY4OC0zNDM2M2JjN2M0YzAiOnsiZGVsZXRlIjo2MDAwMDAwMDAwMDAsInVwZGF0ZSI6NjAwMDAwMDAwMDAwfSwic2NoZW1hX3ZlcnNpb24iOiIxIn0=",
          "dependencies": [
            "aws_launch_template.web_lt",
            "aws_lb_target_group.web_tg",
            "aws_security_group.alb_sg",
            "aws_security_group.web_sg",
            "aws_subnet.public",
            "aws_vpc.main",
            "data.aws_availability_zones.available"
          ]
        }
      ]
    },
    {
      "mode": "managed",
      "type": "aws_db_instance",
      "name": "db",
      "provider": "provider[\"registry.terraform.io/hashicorp/aws\"]",
      "instances": [
        {
          "schema_version": 2,
          "attributes": {
            "address": "three-tier-db-dev.cqx82m8oyoh0.us-east-1.rds.amazonaws.com",
            "allocated_storage": 20,
            "allow_major_version_upgrade": null,
            "apply_immediately": false,
            "arn": "arn:aws:rds:us-east-1:323890960507:db:three-tier-db-dev",
            "auto_minor_version_upgrade": true,
            "availability_zone": "us-east-1a",
            "backup_retention_period": 0,
            "backup_target": "region",
            "backup_window": "09:57-10:27",
            "blue_green_update": [],
            "ca_cert_identifier": "rds-ca-rsa2048-g1",
            "character_set_name": "",
            "copy_tags_to_snapshot": false,
            "custom_iam_instance_profile": "",
            "customer_owned_ip_enabled": false,
            "db_name": "myapp",
            "db_subnet_group_name": "db-subnet-dev",
            "dedicated_log_volume": false,
            "delete_automated_backups": true,
            "deletion_protection": false,
            "domain": "",
            "domain_auth_secret_arn": "",
            "domain_dns_ips": [],
            "domain_fqdn": "",
            "domain_iam_role_name": "",
            "domain_ou": "",
            "enabled_cloudwatch_logs_exports": [],
            "endpoint": "three-tier-db-dev.cqx82m8oyoh0.us-east-1.rds.amazonaws.com:5432",
            "engine": "postgres",
            "engine_lifecycle_support": "open-source-rds-extended-support",
            "engine_version": "15",
            "engine_version_actual": "15.12",
            "final_snapshot_identifier": null,
            "hosted_zone_id": "Z2R2ITUGPM61AM",
            "iam_database_authentication_enabled": false,
            "id": "db-EJWSPSWTDT3VT7QFRLJQKWBDHA",
            "identifier": "three-tier-db-dev",
            "identifier_prefix": "",
            "instance_class": "db.t3.micro",
            "iops": 0,
            "kms_key_id": "arn:aws:kms:us-east-1:323890960507:key/42c0e893-a2d5-4719-97f1-c001a09edd9d",
            "latest_restorable_time": "",
            "license_model": "postgresql-license",
            "listener_endpoint": [],
            "maintenance_window": "sat:04:12-sat:04:42",
            "manage_master_user_password": null,
            "master_user_secret": [],
            "master_user_secret_kms_key_id": null,
            "max_allocated_storage": 0,
            "monitoring_interval": 0,
            "monitoring_role_arn": "",
            "multi_az": false,
            "nchar_character_set_name": "",
            "network_type": "IPV4",
            "option_group_name": "default:postgres-15",
            "parameter_group_name": "default.postgres15",
            "password": "securepassword123",
            "performance_insights_enabled": false,
            "performance_insights_kms_key_id": "",
            "performance_insights_retention_period": 0,
            "port": 5432,
            "publicly_accessible": false,
            "replica_mode": "",
            "replicas": [],
            "replicate_source_db": "",
            "resource_id": "db-EJWSPSWTDT3VT7QFRLJQKWBDHA",
            "restore_to_point_in_time": [],
            "s3_import": [],
            "skip_final_snapshot": true,
            "snapshot_identifier": null,
            "status": "available",
            "storage_encrypted": true,
            "storage_throughput": 0,
            "storage_type": "gp2",
            "tags": {},
            "tags_all": {},
            "timeouts": null,
            "timezone": "",
            "upgrade_storage_config": null,
            "username": "Latha",
            "vpc_security_group_ids": [
              "sg-045ff9e7a4fcd95aa"
            ]
          },
          "sensitive_attributes": [
            [
              {
                "type": "get_attr",
                "value": "password"
              }
            ]
          ],
          "identity_schema_version": 0,
          "private": "eyJlMmJmYjczMC1lY2FhLTExZTYtOGY4OC0zNDM2M2JjN2M0YzAiOnsiY3JlYXRlIjoyNDAwMDAwMDAwMDAwLCJkZWxldGUiOjM2MDAwMDAwMDAwMDAsInVwZGF0ZSI6NDgwMDAwMDAwMDAwMH0sInNjaGVtYV92ZXJzaW9uIjoiMiJ9",
          "dependencies": [
            "aws_db_subnet_group.db_subnet",
            "aws_internet_gateway.gw",
            "aws_security_group.alb_sg",
            "aws_security_group.app_sg",
            "aws_security_group.db_sg",
            "aws_security_group.web_sg",
            "aws_subnet.private_db",
            "aws_vpc.main",
            "data.aws_availability_zones.available"
          ]
        }
      ]
    },
    {
      "mode": "managed",
      "type": "aws_db_subnet_group",
      "name": "db_subnet",
      "provider": "provider[\"registry.terraform.io/hashicorp/aws\"]",
      "instances": [
        {
          "schema_version": 0,
          "attributes": {
            "arn": "arn:aws:rds:us-east-1:323890960507:subgrp:db-subnet-dev",
            "description": "Managed by Terraform",
            "id": "db-subnet-dev",
            "name": "db-subnet-dev",
            "name_prefix": "",
            "subnet_ids": [
              "subnet-0900598085b17639d",
              "subnet-0bc5e071e92c9837e"
            ],
            "supported_network_types": [
              "IPV4"
            ],
            "tags": {
              "Name": "db-subnet-group-dev"
            },
            "tags_all": {
              "Name": "db-subnet-group-dev"
            },
            "vpc_id": "vpc-0c0b4077c9d3e6c9e"
          },
          "sensitive_attributes": [],
          "identity_schema_version": 0,
          "private": "bnVsbA==",
          "dependencies": [
            "aws_subnet.private_db",
            "aws_vpc.main",
            "data.aws_availability_zones.available"
          ]
        }
      ]
    },
    {
      "mode": "managed",
      "type": "aws_eip",
      "name": "nat",
      "provider": "provider[\"registry.terraform.io/hashicorp/aws\"]",
      "instances": [
        {
          "index_key": 0,
          "schema_version": 0,
          "attributes": {
            "address": null,
            "allocation_id": "eipalloc-02024649f170118ae",
            "arn": "arn:aws:ec2:us-east-1:323890960507:elastic-ip/eipalloc-02024649f170118ae",
            "associate_with_private_ip": null,
            "association_id": "eipassoc-0cbd19ca865c130f4",
            "carrier_ip": "",
            "customer_owned_ip": "",
            "customer_owned_ipv4_pool": "",
            "domain": "vpc",
            "id": "eipalloc-02024649f170118ae",
            "instance": "",
            "ipam_pool_id": null,
            "network_border_group": "us-east-1",
            "network_interface": "eni-0812e52aa028ec0ff",
            "private_dns": "ip-10-0-0-69.ec2.internal",
            "private_ip": "10.0.0.69",
            "ptr_record": "",
            "public_dns": "ec2-18-204-183-112.compute-1.amazonaws.com",
            "public_ip": "18.204.183.112",
            "public_ipv4_pool": "amazon",
            "tags": {},
            "tags_all": {},
            "timeouts": null,
            "vpc": true
          },
          "sensitive_attributes": [],
          "identity_schema_version": 0,
          "private": "eyJlMmJmYjczMC1lY2FhLTExZTYtOGY4OC0zNDM2M2JjN2M0YzAiOnsiZGVsZXRlIjoxODAwMDAwMDAwMDAsInJlYWQiOjkwMDAwMDAwMDAwMCwidXBkYXRlIjozMDAwMDAwMDAwMDB9fQ=="
        },
        {
          "index_key": 1,
          "schema_version": 0,
          "attributes": {
            "address": null,
            "allocation_id": "eipalloc-0b8fff06e6d0a24ee",
            "arn": "arn:aws:ec2:us-east-1:323890960507:elastic-ip/eipalloc-0b8fff06e6d0a24ee",
            "associate_with_private_ip": null,
            "association_id": "eipassoc-053fe95819ca6befe",
            "carrier_ip": "",
            "customer_owned_ip": "",
            "customer_owned_ipv4_pool": "",
            "domain": "vpc",
            "id": "eipalloc-0b8fff06e6d0a24ee",
            "instance": "",
            "ipam_pool_id": null,
            "network_border_group": "us-east-1",
            "network_interface": "eni-0bfafc1acf7aded05",
            "private_dns": "ip-10-0-1-4.ec2.internal",
            "private_ip": "10.0.1.4",
            "ptr_record": "",
            "public_dns": "ec2-52-54-190-164.compute-1.amazonaws.com",
            "public_ip": "52.54.190.164",
            "public_ipv4_pool": "amazon",
            "tags": {},
            "tags_all": {},
            "timeouts": null,
            "vpc": true
          },
          "sensitive_attributes": [],
          "identity_schema_version": 0,
          "private": "eyJlMmJmYjczMC1lY2FhLTExZTYtOGY4OC0zNDM2M2JjN2M0YzAiOnsiZGVsZXRlIjoxODAwMDAwMDAwMDAsInJlYWQiOjkwMDAwMDAwMDAwMCwidXBkYXRlIjozMDAwMDAwMDAwMDB9fQ=="
        }
      ]
    },
    {
      "mode": "managed",
      "type": "aws_internet_gateway",
      "name": "gw",
      "provider": "provider[\"registry.terraform.io/hashicorp/aws\"]",
      "instances": [
        {
          "schema_version": 0,
          "attributes": {
            "arn": "arn:aws:ec2:us-east-1:323890960507:internet-gateway/igw-066d1b2f3e1495308",
            "id": "igw-066d1b2f3e1495308",
            "owner_id": "323890960507",
            "tags": {
              "Name": "igw-dev"
            },
            "tags_all": {
              "Name": "igw-dev"
            },
            "timeouts": null,
            "vpc_id": "vpc-0c0b4077c9d3e6c9e"
          },
          "sensitive_attributes": [],
          "identity_schema_version": 0,
          "private": "eyJlMmJmYjczMC1lY2FhLTExZTYtOGY4OC0zNDM2M2JjN2M0YzAiOnsiY3JlYXRlIjoxMjAwMDAwMDAwMDAwLCJkZWxldGUiOjEyMDAwMDAwMDAwMDAsInVwZGF0ZSI6MTIwMDAwMDAwMDAwMH19",
          "dependencies": [
            "aws_vpc.main"
          ]
        }
      ]
    },
    {
      "mode": "managed",
      "type": "aws_launch_template",
      "name": "app_lt",
      "provider": "provider[\"registry.terraform.io/hashicorp/aws\"]",
      "instances": [
        {
          "schema_version": 0,
          "attributes": {
            "arn": "arn:aws:ec2:us-east-1:323890960507:launch-template/lt-075394b9c78f783ad",
            "block_device_mappings": [],
            "capacity_reservation_specification": [],
            "cpu_options": [],
            "credit_specification": [],
            "default_version": 1,
            "description": "",
            "disable_api_stop": false,
            "disable_api_termination": false,
            "ebs_optimized": "",
            "elastic_gpu_specifications": [],
            "elastic_inference_accelerator": [],
            "enclave_options": [],
            "hibernation_options": [],
            "iam_instance_profile": [],
            "id": "lt-075394b9c78f783ad",
            "image_id": "ami-00ca32bbc84273381",
            "instance_initiated_shutdown_behavior": "",
            "instance_market_options": [],
            "instance_requirements": [],
            "instance_type": "t3.small",
            "kernel_id": "",
            "key_name": "",
            "latest_version": 2,
            "license_specification": [],
            "maintenance_options": [],
            "metadata_options": [],
            "monitoring": [],
            "name": "app-lt-dev",
            "name_prefix": "",
            "network_interfaces": [],
            "placement": [],
            "private_dns_name_options": [],
            "ram_disk_id": "",
            "security_group_names": [],
            "tag_specifications": [],
            "tags": {},
            "tags_all": {},
            "update_default_version": null,
            "user_data": "IyEvYmluL2Jhc2gKc2V0IC1lICAjIEV4aXQgb24gYW55IGVycm9yCgojIFVwZGF0ZSBzeXN0ZW0KeXVtIHVwZGF0ZSAteQoKIyBJbnN0YWxsIE5vZGUuanMgYW5kIFBvc3RncmVTUUwgY2xpZW50CmFtYXpvbi1saW51eC1leHRyYXMgZW5hYmxlIHBvc3RncmVzcWwxNQp5dW0gaW5zdGFsbCAteSBub2RlanMgbnBtIHBvc3RncmVzcWwxNQoKIyBDcmVhdGUgYXBwIGZvbGRlcgpta2RpciAtcCAvaG9tZS9lYzItdXNlci9hcHAKY2QgL2hvbWUvZWMyLXVzZXIvYXBwCgojIHBhY2thZ2UuanNvbgpjYXQgPiBwYWNrYWdlLmpzb24gPDwnRU9MJwp7CiAgIm5hbWUiOiAiYmFja2VuZC1hcHAiLAogICJ2ZXJzaW9uIjogIjEuMC4wIiwKICAibWFpbiI6ICJzZXJ2ZXIuanMiLAogICJzY3JpcHRzIjogeyAic3RhcnQiOiAibm9kZSBzZXJ2ZXIuanMiIH0sCiAgImRlcGVuZGVuY2llcyI6IHsKICAgICJleHByZXNzIjogIl40LjE4LjIiLAogICAgInBnIjogIl44LjExLjAiLAogICAgImJvZHktcGFyc2VyIjogIl4xLjIwLjIiLAogICAgImNvcnMiOiAiXjIuOC41IgogIH0KfQpFT0wKCiMgZGIuanMKY2F0ID4gZGIuanMgPDwnRU9MJwpjb25zdCB7IFBvb2wgfSA9IHJlcXVpcmUoJ3BnJyk7CmNvbnN0IHBvb2wgPSBuZXcgUG9vbCh7CiAgdXNlcjogcHJvY2Vzcy5lbnYuUEdVU0VSLAogIGhvc3Q6IHByb2Nlc3MuZW52LlBHSE9TVCwKICBkYXRhYmFzZTogcHJvY2Vzcy5lbnYuUEdEQVRBQkFTRSwKICBwYXNzd29yZDogcHJvY2Vzcy5lbnYuUEdQQVNTV09SRCwKICBwb3J0OiA1NDMyLAp9KTsKbW9kdWxlLmV4cG9ydHMgPSB7IHF1ZXJ5OiAodGV4dCwgcGFyYW1zKSA9PiBwb29sLnF1ZXJ5KHRleHQsIHBhcmFtcykgfTsKRU9MCgojIHNlcnZlci5qcwpjYXQgPiBzZXJ2ZXIuanMgPDwnRU9MJwpjb25zdCBleHByZXNzID0gcmVxdWlyZSgnZXhwcmVzcycpOwpjb25zdCBib2R5UGFyc2VyID0gcmVxdWlyZSgnYm9keS1wYXJzZXInKTsKY29uc3QgZGIgPSByZXF1aXJlKCcuL2RiJyk7Cgpjb25zdCBhcHAgPSBleHByZXNzKCk7CmFwcC51c2UoYm9keVBhcnNlci5qc29uKCkpOwoKLy8gQ3JlYXRlIHRhYmxlIGlmIG5vdCBleGlzdHMKYXN5bmMgZnVuY3Rpb24gaW5pdERCKCkgewogIHRyeSB7CiAgICBhd2FpdCBkYi5xdWVyeShcYENSRUFURSBUQUJMRSBJRiBOT1QgRVhJU1RTIGNvbnRhY3RzICgKICAgICAgaWQgU0VSSUFMIFBSSU1BUlkgS0VZLAogICAgICBuYW1lIFZBUkNIQVIoMTAwKSwKICAgICAgZW1haWwgVkFSQ0hBUigxMDApLAogICAgICBwaG9uZSBWQVJDSEFSKDIwKSwKICAgICAgY3JlYXRlZF9hdCBUSU1FU1RBTVAgREVGQVVMVCBDVVJSRU5UX1RJTUVTVEFNUAogICAgKVxgKTsKICAgIGNvbnNvbGUubG9nKCLinIUgQ29udGFjdHMgdGFibGUgaXMgcmVhZHkuIik7CiAgfSBjYXRjaCAoZXJyKSB7CiAgICBjb25zb2xlLmVycm9yKCLinYwgRmFpbGVkIHRvIGNyZWF0ZSB0YWJsZToiLCBlcnIubWVzc2FnZSk7CiAgICB0aHJvdyBlcnI7CiAgfQp9CgovLyBTdGFydCBzZXJ2ZXIKYXBwLnBvc3QoJy9hcGkvc3VibWl0JywgYXN5bmMgKHJlcSwgcmVzKSA9PiB7CiAgY29uc3QgeyBuYW1lLCBlbWFpbCwgcGhvbmUgfSA9IHJlcS5ib2R5OwogIHRyeSB7CiAgICBhd2FpdCBkYi5xdWVyeSgnSU5TRVJUIElOVE8gY29udGFjdHMobmFtZSxlbWFpbCxwaG9uZSkgVkFMVUVTKCQxLCQyLCQzKScsIFtuYW1lLGVtYWlsLHBob25lXSk7CiAgICByZXMuc2VuZCh7IG1lc3NhZ2U6ICJEYXRhIHN0b3JlZCBzdWNjZXNzZnVsbHkiIH0pOwogIH0gY2F0Y2goZXJyKSB7CiAgICBjb25zb2xlLmVycm9yKGVycik7CiAgICByZXMuc3RhdHVzKDUwMCkuc2VuZCh7IGVycm9yOiAiREIgSW5zZXJ0IGZhaWxlZCIgfSk7CiAgfQp9KTsKCmFwcC5saXN0ZW4oODA4MCwgKCkgPT4gY29uc29sZS5sb2coIuKchSBTZXJ2ZXIgcnVubmluZyBvbiBwb3J0IDgwODAiKSk7CkVPTAoKIyBJbnN0YWxsIGRlcGVuZGVuY2llcwpucG0gaW5zdGFsbAoKIyBXYWl0IGZvciBSRFMgdG8gYmUgcmVhZHkgKG1heCA1IG1pbnV0ZXMpCmVjaG8gIuKPsyBXYWl0aW5nIGZvciBSRFMgZGF0YWJhc2UgdG8gYmVjb21lIGF2YWlsYWJsZS4uLiIKZm9yIGkgaW4gezEuLjYwfTsgZG8KICBpZiBwZ19pc3JlYWR5IC1oIHRocmVlLXRpZXItZGItZGV2LmNxeDgybThveW9oMC51cy1lYXN0LTEucmRzLmFtYXpvbmF3cy5jb20gLXAgNTQzMiAtVSBMYXRoYSAtZCBteWFwcDsgdGhlbgogICAgZWNobyAi4pyFIERhdGFiYXNlIGlzIHJlYWR5ISIKICAgIGJyZWFrCiAgZWxzZQogICAgZWNobyAiQXR0ZW1wdCAkaTogRGF0YWJhc2Ugbm90IHJlYWR5IHlldC4uLiIKICAgIHNsZWVwIDEwCiAgZmkKZG9uZQoKIyBJZiB3ZSBleGhhdXN0ZWQgcmV0cmllcywgZXhpdCB3aXRoIGVycm9yCmlmICEgcGdfaXNyZWFkeSAtaCB0aHJlZS10aWVyLWRiLWRldi5jcXg4Mm04b3lvaDAudXMtZWFzdC0xLnJkcy5hbWF6b25hd3MuY29tIC1wIDU0MzIgLVUgTGF0aGEgLWQgbXlhcHA7IHRoZW4KICBlY2hvICLinYwgRkFUQUw6IERhdGFiYXNlIGRpZCBub3QgYmVjb21lIGF2YWlsYWJsZSB3aXRoaW4gMTAgbWludXRlcy4iCiAgZXhpdCAxCmZpCgojIE5vdyB0aGF0IERCIGlzIHJlYWR5LCBzdGFydCB0aGUgYXBwCmVjaG8gIvCfmoAgU3RhcnRpbmcgTm9kZS5qcyBhcHBsaWNhdGlvbi4uLiIKCiMgU3lzdGVtZCBzZXJ2aWNlCmNhdCA+IC9ldGMvc3lzdGVtZC9zeXN0ZW0vbm9kZWFwcC5zZXJ2aWNlIDw8J0VPTCcKW1VuaXRdCkRlc2NyaXB0aW9uPU5vZGUuanMgQXBwCkFmdGVyPW5ldHdvcmsudGFyZ2V0CgpbU2VydmljZV0KRXhlY1N0YXJ0PS91c3IvYmluL25vZGUgL2hvbWUvZWMyLXVzZXIvYXBwL3NlcnZlci5qcwpSZXN0YXJ0PWFsd2F5cwpVc2VyPWVjMi11c2VyCkVudmlyb25tZW50PVBHVVNFUj1MYXRoYQpFbnZpcm9ubWVudD1QR1BBU1NXT1JEPXNlY3VyZXBhc3N3b3JkMTIzCkVudmlyb25tZW50PVBHSE9TVD10aHJlZS10aWVyLWRiLWRldi5jcXg4Mm04b3lvaDAudXMtZWFzdC0xLnJkcy5hbWF6b25hd3MuY29tCkVudmlyb25tZW50PVBHREFUQUJBU0U9bXlhcHAKU3RhbmRhcmRPdXRwdXQ9ZmlsZTovdmFyL2xvZy9ub2RlYXBwLmxvZwpTdGFuZGFyZEVycm9yPWZpbGU6L3Zhci9sb2cvbm9kZWFwcC5sb2cKCltJbnN0YWxsXQpXYW50ZWRCeT1tdWx0aS11c2VyLnRhcmdldApFT0wKCnN5c3RlbWN0bCBkYWVtb24tcmVsb2FkCnN5c3RlbWN0bCBlbmFibGUgbm9kZWFwcApzeXN0ZW1jdGwgc3RhcnQgbm9kZWFwcAoKIyBPcHRpb25hbDogTG9nIHN0YXJ0dXAgc3RhdHVzCmVjaG8gIuKchSBOb2RlLmpzIHNlcnZpY2Ugc3RhcnRlZC4iID4+IC92YXIvbG9nL3VzZXItZGF0YS5sb2cK",
            "vpc_security_group_ids": [
              "sg-044d9ea6785158c6a"
            ]
          },
          "sensitive_attributes": [],
          "identity_schema_version": 0,
          "private": "bnVsbA==",
          "dependencies": [
            "aws_db_instance.db",
            "aws_db_subnet_group.db_subnet",
            "aws_internet_gateway.gw",
            "aws_security_group.alb_sg",
            "aws_security_group.app_sg",
            "aws_security_group.db_sg",
            "aws_security_group.web_sg",
            "aws_subnet.private_db",
            "aws_vpc.main",
            "data.aws_availability_zones.available"
          ]
        }
      ]
    },
    {
      "mode": "managed",
      "type": "aws_launch_template",
      "name": "web_lt",
      "provider": "provider[\"registry.terraform.io/hashicorp/aws\"]",
      "instances": [
        {
          "schema_version": 0,
          "attributes": {
            "arn": "arn:aws:ec2:us-east-1:323890960507:launch-template/lt-0e63625e0a9587741",
            "block_device_mappings": [],
            "capacity_reservation_specification": [],
            "cpu_options": [],
            "credit_specification": [],
            "default_version": 1,
            "description": "",
            "disable_api_stop": false,
            "disable_api_termination": false,
            "ebs_optimized": "",
            "elastic_gpu_specifications": [],
            "elastic_inference_accelerator": [],
            "enclave_options": [],
            "hibernation_options": [],
            "iam_instance_profile": [],
            "id": "lt-0e63625e0a9587741",
            "image_id": "ami-0c02fb55956c7d316",
            "instance_initiated_shutdown_behavior": "",
            "instance_market_options": [],
            "instance_requirements": [],
            "instance_type": "t3.micro",
            "kernel_id": "",
            "key_name": "Aug15",
            "latest_version": 1,
            "license_specification": [],
            "maintenance_options": [],
            "metadata_options": [],
            "monitoring": [],
            "name": "web-lt-dev",
            "name_prefix": "",
            "network_interfaces": [],
            "placement": [],
            "private_dns_name_options": [],
            "ram_disk_id": "",
            "security_group_names": [],
            "tag_specifications": [],
            "tags": {},
            "tags_all": {},
            "update_default_version": null,
            "user_data": "IyEvYmluL2Jhc2gKeXVtIHVwZGF0ZSAteQp5dW0gaW5zdGFsbCAteSBodHRwZApzeXN0ZW1jdGwgc3RhcnQgaHR0cGQKc3lzdGVtY3RsIGVuYWJsZSBodHRwZAoKIyBTZXJ2ZSBpbmRleC5odG1sCmNhdCA+IC92YXIvd3d3L2h0bWwvaW5kZXguaHRtbCA8PCdFT0wnCjwhRE9DVFlQRSBodG1sPgo8aHRtbD4KPGhlYWQ+Cjx0aXRsZT5Db250YWN0IEZvcm08L3RpdGxlPgo8L2hlYWQ+Cjxib2R5Pgo8Zm9ybSBpZD0iY29udGFjdEZvcm0iPgogIDxpbnB1dCBuYW1lPSJuYW1lIiBwbGFjZWhvbGRlcj0iTmFtZSIgcmVxdWlyZWQgLz4KICA8aW5wdXQgbmFtZT0iZW1haWwiIHBsYWNlaG9sZGVyPSJFbWFpbCIgcmVxdWlyZWQgLz4KICA8aW5wdXQgbmFtZT0icGhvbmUiIHBsYWNlaG9sZGVyPSJQaG9uZSIgcmVxdWlyZWQgLz4KICA8YnV0dG9uIHR5cGU9InN1Ym1pdCI+U3VibWl0PC9idXR0b24+CjwvZm9ybT4KPHNjcmlwdD4KZG9jdW1lbnQuZ2V0RWxlbWVudEJ5SWQoJ2NvbnRhY3RGb3JtJykuYWRkRXZlbnRMaXN0ZW5lcignc3VibWl0JywgYXN5bmMgKGUpID0+IHsKICBlLnByZXZlbnREZWZhdWx0KCk7CiAgY29uc3QgZm9ybURhdGEgPSBuZXcgRm9ybURhdGEoZS50YXJnZXQpOwogIGF3YWl0IGZldGNoKCIvYXBpL3N1Ym1pdCIsIHsKICAgIG1ldGhvZDogIlBPU1QiLAogICAgaGVhZGVyczogeyAiQ29udGVudC1UeXBlIjogImFwcGxpY2F0aW9uL2pzb24iIH0sCiAgICBib2R5OiBKU09OLnN0cmluZ2lmeSh7CiAgICAgIG5hbWU6IGZvcm1EYXRhLmdldCgibmFtZSIpLAogICAgICBlbWFpbDogZm9ybURhdGEuZ2V0KCJlbWFpbCIpLAogICAgICBwaG9uZTogZm9ybURhdGEuZ2V0KCJwaG9uZSIpCiAgICB9KSwKICB9KTsKICBhbGVydCgiU3VibWl0dGVkISIpOwp9KTsKPC9zY3JpcHQ+CjwvYm9keT4KPC9odG1sPgpFT0wK",
            "vpc_security_group_ids": [
              "sg-0f386d599eb9daee6"
            ]
          },
          "sensitive_attributes": [],
          "identity_schema_version": 0,
          "private": "bnVsbA==",
          "dependencies": [
            "aws_security_group.alb_sg",
            "aws_security_group.web_sg",
            "aws_vpc.main"
          ]
        }
      ]
    },
    {
      "mode": "managed",
      "type": "aws_lb",
      "name": "web_alb",
      "provider": "provider[\"registry.terraform.io/hashicorp/aws\"]",
      "instances": [
        {
          "schema_version": 0,
          "attributes": {
            "access_logs": [
              {
                "bucket": "",
                "enabled": false,
                "prefix": ""
              }
            ],
            "arn": "arn:aws:elasticloadbalancing:us-east-1:323890960507:loadbalancer/app/web-alb-dev/1e37a725abd9d93b",
            "arn_suffix": "app/web-alb-dev/1e37a725abd9d93b",
            "client_keep_alive": 3600,
            "connection_logs": [
              {
                "bucket": "",
                "enabled": false,
                "prefix": ""
              }
            ],
            "customer_owned_ipv4_pool": "",
            "desync_mitigation_mode": "defensive",
            "dns_name": "web-alb-dev-283789134.us-east-1.elb.amazonaws.com",
            "dns_record_client_routing_policy": null,
            "drop_invalid_header_fields": false,
            "enable_cross_zone_load_balancing": true,
            "enable_deletion_protection": false,
            "enable_http2": true,
            "enable_tls_version_and_cipher_suite_headers": false,
            "enable_waf_fail_open": false,
            "enable_xff_client_port": false,
            "enable_zonal_shift": false,
            "enforce_security_group_inbound_rules_on_private_link_traffic": "",
            "id": "arn:aws:elasticloadbalancing:us-east-1:323890960507:loadbalancer/app/web-alb-dev/1e37a725abd9d93b",
            "idle_timeout": 60,
            "internal": false,
            "ip_address_type": "ipv4",
            "load_balancer_type": "application",
            "name": "web-alb-dev",
            "name_prefix": "",
            "preserve_host_header": false,
            "security_groups": [
              "sg-0012b09791e84fd49"
            ],
            "subnet_mapping": [
              {
                "allocation_id": "",
                "ipv6_address": "",
                "outpost_id": "",
                "private_ipv4_address": "",
                "subnet_id": "subnet-0278a9b134e62d20d"
              },
              {
                "allocation_id": "",
                "ipv6_address": "",
                "outpost_id": "",
                "private_ipv4_address": "",
                "subnet_id": "subnet-09012e7d9982c48cb"
              }
            ],
            "subnets": [
              "subnet-0278a9b134e62d20d",
              "subnet-09012e7d9982c48cb"
            ],
            "tags": {
              "Name": "web-alb-dev"
            },
            "tags_all": {
              "Name": "web-alb-dev"
            },
            "timeouts": null,
            "vpc_id": "vpc-0c0b4077c9d3e6c9e",
            "xff_header_processing_mode": "append",
            "zone_id": "Z35SXDOTRQ7X7K"
          },
          "sensitive_attributes": [],
          "identity_schema_version": 0,
          "private": "eyJlMmJmYjczMC1lY2FhLTExZTYtOGY4OC0zNDM2M2JjN2M0YzAiOnsiY3JlYXRlIjo2MDAwMDAwMDAwMDAsImRlbGV0ZSI6NjAwMDAwMDAwMDAwLCJ1cGRhdGUiOjYwMDAwMDAwMDAwMH19",
          "dependencies": [
            "aws_security_group.alb_sg",
            "aws_subnet.public",
            "aws_vpc.main",
            "data.aws_availability_zones.available"
          ]
        }
      ]
    },
    {
      "mode": "managed",
      "type": "aws_lb_listener",
      "name": "web_listener",
      "provider": "provider[\"registry.terraform.io/hashicorp/aws\"]",
      "instances": [
        {
          "schema_version": 0,
          "attributes": {
            "alpn_policy": null,
            "arn": "arn:aws:elasticloadbalancing:us-east-1:323890960507:listener/app/web-alb-dev/1e37a725abd9d93b/6a2a99afa9ff12cc",
            "certificate_arn": null,
            "default_action": [
              {
                "authenticate_cognito": [],
                "authenticate_oidc": [],
                "fixed_response": [],
                "forward": [],
                "order": 1,
                "redirect": [],
                "target_group_arn": "arn:aws:elasticloadbalancing:us-east-1:323890960507:targetgroup/web-tg-dev/dff9659a960e3396",
                "type": "forward"
              }
            ],
            "id": "arn:aws:elasticloadbalancing:us-east-1:323890960507:listener/app/web-alb-dev/1e37a725abd9d93b/6a2a99afa9ff12cc",
            "load_balancer_arn": "arn:aws:elasticloadbalancing:us-east-1:323890960507:loadbalancer/app/web-alb-dev/1e37a725abd9d93b",
            "mutual_authentication": [],
            "port": 80,
            "protocol": "HTTP",
            "ssl_policy": "",
            "tags": {},
            "tags_all": {},
            "tcp_idle_timeout_seconds": null,
            "timeouts": null
          },
          "sensitive_attributes": [],
          "identity_schema_version": 0,
          "private": "eyJlMmJmYjczMC1lY2FhLTExZTYtOGY4OC0zNDM2M2JjN2M0YzAiOnsiY3JlYXRlIjozMDAwMDAwMDAwMDAsInVwZGF0ZSI6MzAwMDAwMDAwMDAwfX0=",
          "dependencies": [
            "aws_lb.web_alb",
            "aws_lb_target_group.web_tg",
            "aws_security_group.alb_sg",
            "aws_subnet.public",
            "aws_vpc.main",
            "data.aws_availability_zones.available"
          ]
        }
      ]
    },
    {
      "mode": "managed",
      "type": "aws_lb_listener_rule",
      "name": "api_rule",
      "provider": "provider[\"registry.terraform.io/hashicorp/aws\"]",
      "instances": [
        {
          "schema_version": 0,
          "attributes": {
            "action": [
              {
                "authenticate_cognito": [],
                "authenticate_oidc": [],
                "fixed_response": [],
                "forward": [],
                "order": 1,
                "redirect": [],
                "target_group_arn": "arn:aws:elasticloadbalancing:us-east-1:323890960507:targetgroup/app-tg-dev/ac991971964978e0",
                "type": "forward"
              }
            ],
            "arn": "arn:aws:elasticloadbalancing:us-east-1:323890960507:listener-rule/app/web-alb-dev/1e37a725abd9d93b/6a2a99afa9ff12cc/e2adc801a64f5659",
            "condition": [
              {
                "host_header": [],
                "http_header": [],
                "http_request_method": [],
                "path_pattern": [
                  {
                    "values": [
                      "/api/*"
                    ]
                  }
                ],
                "query_string": [],
                "source_ip": []
              }
            ],
            "id": "arn:aws:elasticloadbalancing:us-east-1:323890960507:listener-rule/app/web-alb-dev/1e37a725abd9d93b/6a2a99afa9ff12cc/e2adc801a64f5659",
            "listener_arn": "arn:aws:elasticloadbalancing:us-east-1:323890960507:listener/app/web-alb-dev/1e37a725abd9d93b/6a2a99afa9ff12cc",
            "priority": 10,
            "tags": {},
            "tags_all": {}
          },
          "sensitive_attributes": [],
          "identity_schema_version": 0,
          "private": "bnVsbA==",
          "dependencies": [
            "aws_lb.web_alb",
            "aws_lb_listener.web_listener",
            "aws_lb_target_group.app_tg",
            "aws_lb_target_group.web_tg",
            "aws_security_group.alb_sg",
            "aws_subnet.public",
            "aws_vpc.main",
            "data.aws_availability_zones.available"
          ]
        }
      ]
    },
    {
      "mode": "managed",
      "type": "aws_lb_target_group",
      "name": "app_tg",
      "provider": "provider[\"registry.terraform.io/hashicorp/aws\"]",
      "instances": [
        {
          "schema_version": 0,
          "attributes": {
            "arn": "arn:aws:elasticloadbalancing:us-east-1:323890960507:targetgroup/app-tg-dev/ac991971964978e0",
            "arn_suffix": "targetgroup/app-tg-dev/ac991971964978e0",
            "connection_termination": null,
            "deregistration_delay": "300",
            "health_check": [
              {
                "enabled": true,
                "healthy_threshold": 2,
                "interval": 30,
                "matcher": "200-399",
                "path": "/api/data",
                "port": "traffic-port",
                "protocol": "HTTP",
                "timeout": 5,
                "unhealthy_threshold": 2
              }
            ],
            "id": "arn:aws:elasticloadbalancing:us-east-1:323890960507:targetgroup/app-tg-dev/ac991971964978e0",
            "ip_address_type": "ipv4",
            "lambda_multi_value_headers_enabled": false,
            "load_balancer_arns": [
              "arn:aws:elasticloadbalancing:us-east-1:323890960507:loadbalancer/app/web-alb-dev/1e37a725abd9d93b"
            ],
            "load_balancing_algorithm_type": "round_robin",
            "load_balancing_anomaly_mitigation": "off",
            "load_balancing_cross_zone_enabled": "use_load_balancer_configuration",
            "name": "app-tg-dev",
            "name_prefix": "",
            "port": 8080,
            "preserve_client_ip": null,
            "protocol": "HTTP",
            "protocol_version": "HTTP1",
            "proxy_protocol_v2": false,
            "slow_start": 0,
            "stickiness": [
              {
                "cookie_duration": 86400,
                "cookie_name": "",
                "enabled": false,
                "type": "lb_cookie"
              }
            ],
            "tags": {
              "Name": "app-tg-dev"
            },
            "tags_all": {
              "Name": "app-tg-dev"
            },
            "target_failover": [
              {
                "on_deregistration": null,
                "on_unhealthy": null
              }
            ],
            "target_group_health": [
              {
                "dns_failover": [
                  {
                    "minimum_healthy_targets_count": "1",
                    "minimum_healthy_targets_percentage": "off"
                  }
                ],
                "unhealthy_state_routing": [
                  {
                    "minimum_healthy_targets_count": 1,
                    "minimum_healthy_targets_percentage": "off"
                  }
                ]
              }
            ],
            "target_health_state": [
              {
                "enable_unhealthy_connection_termination": null,
                "unhealthy_draining_interval": null
              }
            ],
            "target_type": "instance",
            "vpc_id": "vpc-0c0b4077c9d3e6c9e"
          },
          "sensitive_attributes": [],
          "identity_schema_version": 0,
          "private": "bnVsbA==",
          "dependencies": [
            "aws_vpc.main"
          ]
        }
      ]
    },
    {
      "mode": "managed",
      "type": "aws_lb_target_group",
      "name": "web_tg",
      "provider": "provider[\"registry.terraform.io/hashicorp/aws\"]",
      "instances": [
        {
          "schema_version": 0,
          "attributes": {
            "arn": "arn:aws:elasticloadbalancing:us-east-1:323890960507:targetgroup/web-tg-dev/dff9659a960e3396",
            "arn_suffix": "targetgroup/web-tg-dev/dff9659a960e3396",
            "connection_termination": null,
            "deregistration_delay": "300",
            "health_check": [
              {
                "enabled": true,
                "healthy_threshold": 2,
                "interval": 30,
                "matcher": "200",
                "path": "/",
                "port": "traffic-port",
                "protocol": "HTTP",
                "timeout": 5,
                "unhealthy_threshold": 2
              }
            ],
            "id": "arn:aws:elasticloadbalancing:us-east-1:323890960507:targetgroup/web-tg-dev/dff9659a960e3396",
            "ip_address_type": "ipv4",
            "lambda_multi_value_headers_enabled": false,
            "load_balancer_arns": [
              "arn:aws:elasticloadbalancing:us-east-1:323890960507:loadbalancer/app/web-alb-dev/1e37a725abd9d93b"
            ],
            "load_balancing_algorithm_type": "round_robin",
            "load_balancing_anomaly_mitigation": "off",
            "load_balancing_cross_zone_enabled": "use_load_balancer_configuration",
            "name": "web-tg-dev",
            "name_prefix": "",
            "port": 80,
            "preserve_client_ip": null,
            "protocol": "HTTP",
            "protocol_version": "HTTP1",
            "proxy_protocol_v2": false,
            "slow_start": 0,
            "stickiness": [
              {
                "cookie_duration": 86400,
                "cookie_name": "",
                "enabled": false,
                "type": "lb_cookie"
              }
            ],
            "tags": {
              "Name": "web-tg-dev"
            },
            "tags_all": {
              "Name": "web-tg-dev"
            },
            "target_failover": [
              {
                "on_deregistration": null,
                "on_unhealthy": null
              }
            ],
            "target_group_health": [
              {
                "dns_failover": [
                  {
                    "minimum_healthy_targets_count": "1",
                    "minimum_healthy_targets_percentage": "off"
                  }
                ],
                "unhealthy_state_routing": [
                  {
                    "minimum_healthy_targets_count": 1,
                    "minimum_healthy_targets_percentage": "off"
                  }
                ]
              }
            ],
            "target_health_state": [
              {
                "enable_unhealthy_connection_termination": null,
                "unhealthy_draining_interval": null
              }
            ],
            "target_type": "instance",
            "vpc_id": "vpc-0c0b4077c9d3e6c9e"
          },
          "sensitive_attributes": [],
          "identity_schema_version": 0,
          "private": "bnVsbA==",
          "dependencies": [
            "aws_vpc.main"
          ]
        }
      ]
    },
    {
      "mode": "managed",
      "type": "aws_nat_gateway",
      "name": "nat",
      "provider": "provider[\"registry.terraform.io/hashicorp/aws\"]",
      "instances": [
        {
          "index_key": 0,
          "schema_version": 0,
          "attributes": {
            "allocation_id": "eipalloc-02024649f170118ae",
            "association_id": "eipassoc-0cbd19ca865c130f4",
            "connectivity_type": "public",
            "id": "nat-0f395547f3c372872",
            "network_interface_id": "eni-0812e52aa028ec0ff",
            "private_ip": "10.0.0.69",
            "public_ip": "18.204.183.112",
            "secondary_allocation_ids": [],
            "secondary_private_ip_address_count": 0,
            "secondary_private_ip_addresses": [],
            "subnet_id": "subnet-09012e7d9982c48cb",
            "tags": {
              "Name": "nat-gw-1-dev"
            },
            "tags_all": {
              "Name": "nat-gw-1-dev"
            },
            "timeouts": null
          },
          "sensitive_attributes": [],
          "identity_schema_version": 0,
          "private": "eyJlMmJmYjczMC1lY2FhLTExZTYtOGY4OC0zNDM2M2JjN2M0YzAiOnsiY3JlYXRlIjo2MDAwMDAwMDAwMDAsImRlbGV0ZSI6MTgwMDAwMDAwMDAwMCwidXBkYXRlIjo2MDAwMDAwMDAwMDB9fQ==",
          "dependencies": [
            "aws_eip.nat",
            "aws_internet_gateway.gw",
            "aws_subnet.public",
            "aws_vpc.main",
            "data.aws_availability_zones.available"
          ]
        },
        {
          "index_key": 1,
          "schema_version": 0,
          "attributes": {
            "allocation_id": "eipalloc-0b8fff06e6d0a24ee",
            "association_id": "eipassoc-053fe95819ca6befe",
            "connectivity_type": "public",
            "id": "nat-0da69b249b10ea21d",
            "network_interface_id": "eni-0bfafc1acf7aded05",
            "private_ip": "10.0.1.4",
            "public_ip": "52.54.190.164",
            "secondary_allocation_ids": [],
            "secondary_private_ip_address_count": 0,
            "secondary_private_ip_addresses": [],
            "subnet_id": "subnet-0278a9b134e62d20d",
            "tags": {
              "Name": "nat-gw-2-dev"
            },
            "tags_all": {
              "Name": "nat-gw-2-dev"
            },
            "timeouts": null
          },
          "sensitive_attributes": [],
          "identity_schema_version": 0,
          "private": "eyJlMmJmYjczMC1lY2FhLTExZTYtOGY4OC0zNDM2M2JjN2M0YzAiOnsiY3JlYXRlIjo2MDAwMDAwMDAwMDAsImRlbGV0ZSI6MTgwMDAwMDAwMDAwMCwidXBkYXRlIjo2MDAwMDAwMDAwMDB9fQ==",
          "dependencies": [
            "aws_eip.nat",
            "aws_internet_gateway.gw",
            "aws_subnet.public",
            "aws_vpc.main",
            "data.aws_availability_zones.available"
          ]
        }
      ]
    },
    {
      "mode": "managed",
      "type": "aws_route_table",
      "name": "private_app_rt",
      "provider": "provider[\"registry.terraform.io/hashicorp/aws\"]",
      "instances": [
        {
          "index_key": 0,
          "schema_version": 0,
          "attributes": {
            "arn": "arn:aws:ec2:us-east-1:323890960507:route-table/rtb-0a50b71a6f2f28e26",
            "id": "rtb-0a50b71a6f2f28e26",
            "owner_id": "323890960507",
            "propagating_vgws": [],
            "route": [
              {
                "carrier_gateway_id": "",
                "cidr_block": "0.0.0.0/0",
                "core_network_arn": "",
                "destination_prefix_list_id": "",
                "egress_only_gateway_id": "",
                "gateway_id": "",
                "ipv6_cidr_block": "",
                "local_gateway_id": "",
                "nat_gateway_id": "nat-0f395547f3c372872",
                "network_interface_id": "",
                "transit_gateway_id": "",
                "vpc_endpoint_id": "",
                "vpc_peering_connection_id": ""
              }
            ],
            "tags": {
              "Name": "private-app-rt-1-dev"
            },
            "tags_all": {
              "Name": "private-app-rt-1-dev"
            },
            "timeouts": null,
            "vpc_id": "vpc-0c0b4077c9d3e6c9e"
          },
          "sensitive_attributes": [],
          "identity_schema_version": 0,
          "private": "eyJlMmJmYjczMC1lY2FhLTExZTYtOGY4OC0zNDM2M2JjN2M0YzAiOnsiY3JlYXRlIjozMDAwMDAwMDAwMDAsImRlbGV0ZSI6MzAwMDAwMDAwMDAwLCJ1cGRhdGUiOjEyMDAwMDAwMDAwMH19",
          "dependencies": [
            "aws_eip.nat",
            "aws_internet_gateway.gw",
            "aws_nat_gateway.nat",
            "aws_subnet.public",
            "aws_vpc.main",
            "data.aws_availability_zones.available"
          ]
        },
        {
          "index_key": 1,
          "schema_version": 0,
          "attributes": {
            "arn": "arn:aws:ec2:us-east-1:323890960507:route-table/rtb-0064cea254b491c4a",
            "id": "rtb-0064cea254b491c4a",
            "owner_id": "323890960507",
            "propagating_vgws": [],
            "route": [
              {
                "carrier_gateway_id": "",
                "cidr_block": "0.0.0.0/0",
                "core_network_arn": "",
                "destination_prefix_list_id": "",
                "egress_only_gateway_id": "",
                "gateway_id": "",
                "ipv6_cidr_block": "",
                "local_gateway_id": "",
                "nat_gateway_id": "nat-0da69b249b10ea21d",
                "network_interface_id": "",
                "transit_gateway_id": "",
                "vpc_endpoint_id": "",
                "vpc_peering_connection_id": ""
              }
            ],
            "tags": {
              "Name": "private-app-rt-2-dev"
            },
            "tags_all": {
              "Name": "private-app-rt-2-dev"
            },
            "timeouts": null,
            "vpc_id": "vpc-0c0b4077c9d3e6c9e"
          },
          "sensitive_attributes": [],
          "identity_schema_version": 0,
          "private": "eyJlMmJmYjczMC1lY2FhLTExZTYtOGY4OC0zNDM2M2JjN2M0YzAiOnsiY3JlYXRlIjozMDAwMDAwMDAwMDAsImRlbGV0ZSI6MzAwMDAwMDAwMDAwLCJ1cGRhdGUiOjEyMDAwMDAwMDAwMH19",
          "dependencies": [
            "aws_eip.nat",
            "aws_internet_gateway.gw",
            "aws_nat_gateway.nat",
            "aws_subnet.public",
            "aws_vpc.main",
            "data.aws_availability_zones.available"
          ]
        }
      ]
    },
    {
      "mode": "managed",
      "type": "aws_route_table",
      "name": "private_db_rt",
      "provider": "provider[\"registry.terraform.io/hashicorp/aws\"]",
      "instances": [
        {
          "index_key": 0,
          "schema_version": 0,
          "attributes": {
            "arn": "arn:aws:ec2:us-east-1:323890960507:route-table/rtb-0648b7d7142cedf34",
            "id": "rtb-0648b7d7142cedf34",
            "owner_id": "323890960507",
            "propagating_vgws": [],
            "route": [
              {
                "carrier_gateway_id": "",
                "cidr_block": "0.0.0.0/0",
                "core_network_arn": "",
                "destination_prefix_list_id": "",
                "egress_only_gateway_id": "",
                "gateway_id": "",
                "ipv6_cidr_block": "",
                "local_gateway_id": "",
                "nat_gateway_id": "nat-0f395547f3c372872",
                "network_interface_id": "",
                "transit_gateway_id": "",
                "vpc_endpoint_id": "",
                "vpc_peering_connection_id": ""
              }
            ],
            "tags": {
              "Name": "private-db-rt-1-dev"
            },
            "tags_all": {
              "Name": "private-db-rt-1-dev"
            },
            "timeouts": null,
            "vpc_id": "vpc-0c0b4077c9d3e6c9e"
          },
          "sensitive_attributes": [],
          "identity_schema_version": 0,
          "private": "eyJlMmJmYjczMC1lY2FhLTExZTYtOGY4OC0zNDM2M2JjN2M0YzAiOnsiY3JlYXRlIjozMDAwMDAwMDAwMDAsImRlbGV0ZSI6MzAwMDAwMDAwMDAwLCJ1cGRhdGUiOjEyMDAwMDAwMDAwMH19",
          "dependencies": [
            "aws_eip.nat",
            "aws_internet_gateway.gw",
            "aws_nat_gateway.nat",
            "aws_subnet.public",
            "aws_vpc.main",
            "data.aws_availability_zones.available"
          ]
        },
        {
          "index_key": 1,
          "schema_version": 0,
          "attributes": {
            "arn": "arn:aws:ec2:us-east-1:323890960507:route-table/rtb-057e2b4022fb63608",
            "id": "rtb-057e2b4022fb63608",
            "owner_id": "323890960507",
            "propagating_vgws": [],
            "route": [
              {
                "carrier_gateway_id": "",
                "cidr_block": "0.0.0.0/0",
                "core_network_arn": "",
                "destination_prefix_list_id": "",
                "egress_only_gateway_id": "",
                "gateway_id": "",
                "ipv6_cidr_block": "",
                "local_gateway_id": "",
                "nat_gateway_id": "nat-0da69b249b10ea21d",
                "network_interface_id": "",
                "transit_gateway_id": "",
                "vpc_endpoint_id": "",
                "vpc_peering_connection_id": ""
              }
            ],
            "tags": {
              "Name": "private-db-rt-2-dev"
            },
            "tags_all": {
              "Name": "private-db-rt-2-dev"
            },
            "timeouts": null,
            "vpc_id": "vpc-0c0b4077c9d3e6c9e"
          },
          "sensitive_attributes": [],
          "identity_schema_version": 0,
          "private": "eyJlMmJmYjczMC1lY2FhLTExZTYtOGY4OC0zNDM2M2JjN2M0YzAiOnsiY3JlYXRlIjozMDAwMDAwMDAwMDAsImRlbGV0ZSI6MzAwMDAwMDAwMDAwLCJ1cGRhdGUiOjEyMDAwMDAwMDAwMH19",
          "dependencies": [
            "aws_eip.nat",
            "aws_internet_gateway.gw",
            "aws_nat_gateway.nat",
            "aws_subnet.public",
            "aws_vpc.main",
            "data.aws_availability_zones.available"
          ]
        }
      ]
    },
    {
      "mode": "managed",
      "type": "aws_route_table",
      "name": "public_rt",
      "provider": "provider[\"registry.terraform.io/hashicorp/aws\"]",
      "instances": [
        {
          "schema_version": 0,
          "attributes": {
            "arn": "arn:aws:ec2:us-east-1:323890960507:route-table/rtb-0168deba6b391dc19",
            "id": "rtb-0168deba6b391dc19",
            "owner_id": "323890960507",
            "propagating_vgws": [],
            "route": [
              {
                "carrier_gateway_id": "",
                "cidr_block": "0.0.0.0/0",
                "core_network_arn": "",
                "destination_prefix_list_id": "",
                "egress_only_gateway_id": "",
                "gateway_id": "igw-066d1b2f3e1495308",
                "ipv6_cidr_block": "",
                "local_gateway_id": "",
                "nat_gateway_id": "",
                "network_interface_id": "",
                "transit_gateway_id": "",
                "vpc_endpoint_id": "",
                "vpc_peering_connection_id": ""
              }
            ],
            "tags": {
              "Name": "public-rt-dev"
            },
            "tags_all": {
              "Name": "public-rt-dev"
            },
            "timeouts": null,
            "vpc_id": "vpc-0c0b4077c9d3e6c9e"
          },
          "sensitive_attributes": [],
          "identity_schema_version": 0,
          "private": "eyJlMmJmYjczMC1lY2FhLTExZTYtOGY4OC0zNDM2M2JjN2M0YzAiOnsiY3JlYXRlIjozMDAwMDAwMDAwMDAsImRlbGV0ZSI6MzAwMDAwMDAwMDAwLCJ1cGRhdGUiOjEyMDAwMDAwMDAwMH19",
          "dependencies": [
            "aws_internet_gateway.gw",
            "aws_vpc.main"
          ]
        }
      ]
    },
    {
      "mode": "managed",
      "type": "aws_route_table_association",
      "name": "private_app_assoc",
      "provider": "provider[\"registry.terraform.io/hashicorp/aws\"]",
      "instances": [
        {
          "index_key": 0,
          "schema_version": 0,
          "attributes": {
            "gateway_id": "",
            "id": "rtbassoc-0ff8da59f0b08a381",
            "route_table_id": "rtb-0a50b71a6f2f28e26",
            "subnet_id": "subnet-0af0ca9f07e09ffde",
            "timeouts": null
          },
          "sensitive_attributes": [],
          "identity_schema_version": 0,
          "private": "eyJlMmJmYjczMC1lY2FhLTExZTYtOGY4OC0zNDM2M2JjN2M0YzAiOnsiY3JlYXRlIjozMDAwMDAwMDAwMDAsImRlbGV0ZSI6MzAwMDAwMDAwMDAwLCJ1cGRhdGUiOjEyMDAwMDAwMDAwMH19",
          "dependencies": [
            "aws_eip.nat",
            "aws_internet_gateway.gw",
            "aws_nat_gateway.nat",
            "aws_route_table.private_app_rt",
            "aws_subnet.private_app",
            "aws_subnet.public",
            "aws_vpc.main",
            "data.aws_availability_zones.available"
          ]
        },
        {
          "index_key": 1,
          "schema_version": 0,
          "attributes": {
            "gateway_id": "",
            "id": "rtbassoc-0274d976740ad8a19",
            "route_table_id": "rtb-0064cea254b491c4a",
            "subnet_id": "subnet-0734d28ab4dd2c0e0",
            "timeouts": null
          },
          "sensitive_attributes": [],
          "identity_schema_version": 0,
          "private": "eyJlMmJmYjczMC1lY2FhLTExZTYtOGY4OC0zNDM2M2JjN2M0YzAiOnsiY3JlYXRlIjozMDAwMDAwMDAwMDAsImRlbGV0ZSI6MzAwMDAwMDAwMDAwLCJ1cGRhdGUiOjEyMDAwMDAwMDAwMH19",
          "dependencies": [
            "aws_eip.nat",
            "aws_internet_gateway.gw",
            "aws_nat_gateway.nat",
            "aws_route_table.private_app_rt",
            "aws_subnet.private_app",
            "aws_subnet.public",
            "aws_vpc.main",
            "data.aws_availability_zones.available"
          ]
        }
      ]
    },
    {
      "mode": "managed",
      "type": "aws_route_table_association",
      "name": "private_db_assoc",
      "provider": "provider[\"registry.terraform.io/hashicorp/aws\"]",
      "instances": [
        {
          "index_key": 0,
          "schema_version": 0,
          "attributes": {
            "gateway_id": "",
            "id": "rtbassoc-03b41d57966e1b845",
            "route_table_id": "rtb-0648b7d7142cedf34",
            "subnet_id": "subnet-0900598085b17639d",
            "timeouts": null
          },
          "sensitive_attributes": [],
          "identity_schema_version": 0,
          "private": "eyJlMmJmYjczMC1lY2FhLTExZTYtOGY4OC0zNDM2M2JjN2M0YzAiOnsiY3JlYXRlIjozMDAwMDAwMDAwMDAsImRlbGV0ZSI6MzAwMDAwMDAwMDAwLCJ1cGRhdGUiOjEyMDAwMDAwMDAwMH19",
          "dependencies": [
            "aws_eip.nat",
            "aws_internet_gateway.gw",
            "aws_nat_gateway.nat",
            "aws_route_table.private_db_rt",
            "aws_subnet.private_db",
            "aws_subnet.public",
            "aws_vpc.main",
            "data.aws_availability_zones.available"
          ]
        },
        {
          "index_key": 1,
          "schema_version": 0,
          "attributes": {
            "gateway_id": "",
            "id": "rtbassoc-01466b7230afff0ce",
            "route_table_id": "rtb-057e2b4022fb63608",
            "subnet_id": "subnet-0bc5e071e92c9837e",
            "timeouts": null
          },
          "sensitive_attributes": [],
          "identity_schema_version": 0,
          "private": "eyJlMmJmYjczMC1lY2FhLTExZTYtOGY4OC0zNDM2M2JjN2M0YzAiOnsiY3JlYXRlIjozMDAwMDAwMDAwMDAsImRlbGV0ZSI6MzAwMDAwMDAwMDAwLCJ1cGRhdGUiOjEyMDAwMDAwMDAwMH19",
          "dependencies": [
            "aws_eip.nat",
            "aws_internet_gateway.gw",
            "aws_nat_gateway.nat",
            "aws_route_table.private_db_rt",
            "aws_subnet.private_db",
            "aws_subnet.public",
            "aws_vpc.main",
            "data.aws_availability_zones.available"
          ]
        }
      ]
    },
    {
      "mode": "managed",
      "type": "aws_route_table_association",
      "name": "public_assoc",
      "provider": "provider[\"registry.terraform.io/hashicorp/aws\"]",
      "instances": [
        {
          "index_key": 0,
          "schema_version": 0,
          "attributes": {
            "gateway_id": "",
            "id": "rtbassoc-097a9b2be0e967e7b",
            "route_table_id": "rtb-0168deba6b391dc19",
            "subnet_id": "subnet-09012e7d9982c48cb",
            "timeouts": null
          },
          "sensitive_attributes": [],
          "identity_schema_version": 0,
          "private": "eyJlMmJmYjczMC1lY2FhLTExZTYtOGY4OC0zNDM2M2JjN2M0YzAiOnsiY3JlYXRlIjozMDAwMDAwMDAwMDAsImRlbGV0ZSI6MzAwMDAwMDAwMDAwLCJ1cGRhdGUiOjEyMDAwMDAwMDAwMH19",
          "dependencies": [
            "aws_internet_gateway.gw",
            "aws_route_table.public_rt",
            "aws_subnet.public",
            "aws_vpc.main",
            "data.aws_availability_zones.available"
          ]
        },
        {
          "index_key": 1,
          "schema_version": 0,
          "attributes": {
            "gateway_id": "",
            "id": "rtbassoc-07ea54624c87b38e5",
            "route_table_id": "rtb-0168deba6b391dc19",
            "subnet_id": "subnet-0278a9b134e62d20d",
            "timeouts": null
          },
          "sensitive_attributes": [],
          "identity_schema_version": 0,
          "private": "eyJlMmJmYjczMC1lY2FhLTExZTYtOGY4OC0zNDM2M2JjN2M0YzAiOnsiY3JlYXRlIjozMDAwMDAwMDAwMDAsImRlbGV0ZSI6MzAwMDAwMDAwMDAwLCJ1cGRhdGUiOjEyMDAwMDAwMDAwMH19",
          "dependencies": [
            "aws_internet_gateway.gw",
            "aws_route_table.public_rt",
            "aws_subnet.public",
            "aws_vpc.main",
            "data.aws_availability_zones.available"
          ]
        }
      ]
    },
    {
      "mode": "managed",
      "type": "aws_security_group",
      "name": "alb_sg",
      "provider": "provider[\"registry.terraform.io/hashicorp/aws\"]",
      "instances": [
        {
          "schema_version": 1,
          "attributes": {
            "arn": "arn:aws:ec2:us-east-1:323890960507:security-group/sg-0012b09791e84fd49",
            "description": "Allow HTTP from internet",
            "egress": [
              {
                "cidr_blocks": [
                  "0.0.0.0/0"
                ],
                "description": "",
                "from_port": 0,
                "ipv6_cidr_blocks": [],
                "prefix_list_ids": [],
                "protocol": "-1",
                "security_groups": [],
                "self": false,
                "to_port": 0
              }
            ],
            "id": "sg-0012b09791e84fd49",
            "ingress": [
              {
                "cidr_blocks": [
                  "0.0.0.0/0"
                ],
                "description": "",
                "from_port": 80,
                "ipv6_cidr_blocks": [],
                "prefix_list_ids": [],
                "protocol": "tcp",
                "security_groups": [],
                "self": false,
                "to_port": 80
              }
            ],
            "name": "alb-sg-dev",
            "name_prefix": "",
            "owner_id": "323890960507",
            "revoke_rules_on_delete": false,
            "tags": {
              "Name": "alb-sg-dev"
            },
            "tags_all": {
              "Name": "alb-sg-dev"
            },
            "timeouts": null,
            "vpc_id": "vpc-0c0b4077c9d3e6c9e"
          },
          "sensitive_attributes": [],
          "identity_schema_version": 0,
          "private": "eyJlMmJmYjczMC1lY2FhLTExZTYtOGY4OC0zNDM2M2JjN2M0YzAiOnsiY3JlYXRlIjo2MDAwMDAwMDAwMDAsImRlbGV0ZSI6OTAwMDAwMDAwMDAwfSwic2NoZW1hX3ZlcnNpb24iOiIxIn0=",
          "dependencies": [
            "aws_vpc.main"
          ]
        }
      ]
    },
    {
      "mode": "managed",
      "type": "aws_security_group",
      "name": "app_sg",
      "provider": "provider[\"registry.terraform.io/hashicorp/aws\"]",
      "instances": [
        {
          "schema_version": 1,
          "attributes": {
            "arn": "arn:aws:ec2:us-east-1:323890960507:security-group/sg-044d9ea6785158c6a",
            "description": "Allow traffic from ALB on port 8080",
            "egress": [
              {
                "cidr_blocks": [
                  "0.0.0.0/0"
                ],
                "description": "",
                "from_port": 0,
                "ipv6_cidr_blocks": [],
                "prefix_list_ids": [],
                "protocol": "-1",
                "security_groups": [],
                "self": false,
                "to_port": 0
              }
            ],
            "id": "sg-044d9ea6785158c6a",
            "ingress": [
              {
                "cidr_blocks": [],
                "description": "",
                "from_port": 8080,
                "ipv6_cidr_blocks": [],
                "prefix_list_ids": [],
                "protocol": "tcp",
                "security_groups": [
                  "sg-0012b09791e84fd49"
                ],
                "self": false,
                "to_port": 8080
              }
            ],
            "name": "app-tier-sg-dev",
            "name_prefix": "",
            "owner_id": "323890960507",
            "revoke_rules_on_delete": false,
            "tags": {
              "Name": "app-tier-sg-dev"
            },
            "tags_all": {
              "Name": "app-tier-sg-dev"
            },
            "timeouts": null,
            "vpc_id": "vpc-0c0b4077c9d3e6c9e"
          },
          "sensitive_attributes": [],
          "identity_schema_version": 0,
          "private": "eyJlMmJmYjczMC1lY2FhLTExZTYtOGY4OC0zNDM2M2JjN2M0YzAiOnsiY3JlYXRlIjo2MDAwMDAwMDAwMDAsImRlbGV0ZSI6OTAwMDAwMDAwMDAwfSwic2NoZW1hX3ZlcnNpb24iOiIxIn0=",
          "dependencies": [
            "aws_security_group.alb_sg",
            "aws_vpc.main"
          ]
        }
      ]
    },
    {
      "mode": "managed",
      "type": "aws_security_group",
      "name": "db_sg",
      "provider": "provider[\"registry.terraform.io/hashicorp/aws\"]",
      "instances": [
        {
          "schema_version": 1,
          "attributes": {
            "arn": "arn:aws:ec2:us-east-1:323890960507:security-group/sg-045ff9e7a4fcd95aa",
            "description": "Allow MySQL from App Tier only",
            "egress": [
              {
                "cidr_blocks": [
                  "0.0.0.0/0"
                ],
                "description": "",
                "from_port": 0,
                "ipv6_cidr_blocks": [],
                "prefix_list_ids": [],
                "protocol": "-1",
                "security_groups": [],
                "self": false,
                "to_port": 0
              }
            ],
            "id": "sg-045ff9e7a4fcd95aa",
            "ingress": [
              {
                "cidr_blocks": [],
                "description": "",
                "from_port": 5432,
                "ipv6_cidr_blocks": [],
                "prefix_list_ids": [],
                "protocol": "tcp",
                "security_groups": [
                  "sg-044d9ea6785158c6a",
                  "sg-0f386d599eb9daee6"
                ],
                "self": false,
                "to_port": 5432
              }
            ],
            "name": "db-tier-sg-dev",
            "name_prefix": "",
            "owner_id": "323890960507",
            "revoke_rules_on_delete": false,
            "tags": {
              "Name": "db-tier-sg-dev"
            },
            "tags_all": {
              "Name": "db-tier-sg-dev"
            },
            "timeouts": null,
            "vpc_id": "vpc-0c0b4077c9d3e6c9e"
          },
          "sensitive_attributes": [],
          "identity_schema_version": 0,
          "private": "eyJlMmJmYjczMC1lY2FhLTExZTYtOGY4OC0zNDM2M2JjN2M0YzAiOnsiY3JlYXRlIjo2MDAwMDAwMDAwMDAsImRlbGV0ZSI6OTAwMDAwMDAwMDAwfSwic2NoZW1hX3ZlcnNpb24iOiIxIn0=",
          "dependencies": [
            "aws_security_group.alb_sg",
            "aws_security_group.app_sg",
            "aws_security_group.web_sg",
            "aws_vpc.main"
          ]
        }
      ]
    },
    {
      "mode": "managed",
      "type": "aws_security_group",
      "name": "web_sg",
      "provider": "provider[\"registry.terraform.io/hashicorp/aws\"]",
      "instances": [
        {
          "schema_version": 1,
          "attributes": {
            "arn": "arn:aws:ec2:us-east-1:323890960507:security-group/sg-0f386d599eb9daee6",
            "description": "Allow HTTP from ALB only",
            "egress": [
              {
                "cidr_blocks": [
                  "0.0.0.0/0"
                ],
                "description": "",
                "from_port": 0,
                "ipv6_cidr_blocks": [],
                "prefix_list_ids": [],
                "protocol": "-1",
                "security_groups": [],
                "self": false,
                "to_port": 0
              }
            ],
            "id": "sg-0f386d599eb9daee6",
            "ingress": [
              {
                "cidr_blocks": [
                  "0.0.0.0/0"
                ],
                "description": "",
                "from_port": 22,
                "ipv6_cidr_blocks": [],
                "prefix_list_ids": [],
                "protocol": "tcp",
                "security_groups": [],
                "self": false,
                "to_port": 22
              },
              {
                "cidr_blocks": [],
                "description": "",
                "from_port": 80,
                "ipv6_cidr_blocks": [],
                "prefix_list_ids": [],
                "protocol": "tcp",
                "security_groups": [
                  "sg-0012b09791e84fd49"
                ],
                "self": false,
                "to_port": 80
              }
            ],
            "name": "web-tier-sg-dev",
            "name_prefix": "",
            "owner_id": "323890960507",
            "revoke_rules_on_delete": false,
            "tags": {
              "Name": "web-tier-sg-dev"
            },
            "tags_all": {
              "Name": "web-tier-sg-dev"
            },
            "timeouts": null,
            "vpc_id": "vpc-0c0b4077c9d3e6c9e"
          },
          "sensitive_attributes": [],
          "identity_schema_version": 0,
          "private": "eyJlMmJmYjczMC1lY2FhLTExZTYtOGY4OC0zNDM2M2JjN2M0YzAiOnsiY3JlYXRlIjo2MDAwMDAwMDAwMDAsImRlbGV0ZSI6OTAwMDAwMDAwMDAwfSwic2NoZW1hX3ZlcnNpb24iOiIxIn0=",
          "dependencies": [
            "aws_security_group.alb_sg",
            "aws_vpc.main"
          ]
        }
      ]
    },
    {
      "mode": "managed",
      "type": "aws_subnet",
      "name": "private_app",
      "provider": "provider[\"registry.terraform.io/hashicorp/aws\"]",
      "instances": [
        {
          "index_key": 0,
          "schema_version": 1,
          "attributes": {
            "arn": "arn:aws:ec2:us-east-1:323890960507:subnet/subnet-0af0ca9f07e09ffde",
            "assign_ipv6_address_on_creation": false,
            "availability_zone": "us-east-1a",
            "availability_zone_id": "use1-az1",
            "cidr_block": "10.0.10.0/24",
            "customer_owned_ipv4_pool": "",
            "enable_dns64": false,
            "enable_lni_at_device_index": 0,
            "enable_resource_name_dns_a_record_on_launch": false,
            "enable_resource_name_dns_aaaa_record_on_launch": false,
            "id": "subnet-0af0ca9f07e09ffde",
            "ipv6_cidr_block": "",
            "ipv6_cidr_block_association_id": "",
            "ipv6_native": false,
            "map_customer_owned_ip_on_launch": false,
            "map_public_ip_on_launch": false,
            "outpost_arn": "",
            "owner_id": "323890960507",
            "private_dns_hostname_type_on_launch": "ip-name",
            "tags": {
              "Name": "private-app-subnet-1-dev"
            },
            "tags_all": {
              "Name": "private-app-subnet-1-dev"
            },
            "timeouts": null,
            "vpc_id": "vpc-0c0b4077c9d3e6c9e"
          },
          "sensitive_attributes": [],
          "identity_schema_version": 0,
          "private": "eyJlMmJmYjczMC1lY2FhLTExZTYtOGY4OC0zNDM2M2JjN2M0YzAiOnsiY3JlYXRlIjo2MDAwMDAwMDAwMDAsImRlbGV0ZSI6MTIwMDAwMDAwMDAwMH0sInNjaGVtYV92ZXJzaW9uIjoiMSJ9",
          "dependencies": [
            "aws_vpc.main",
            "data.aws_availability_zones.available"
          ]
        },
        {
          "index_key": 1,
          "schema_version": 1,
          "attributes": {
            "arn": "arn:aws:ec2:us-east-1:323890960507:subnet/subnet-0734d28ab4dd2c0e0",
            "assign_ipv6_address_on_creation": false,
            "availability_zone": "us-east-1b",
            "availability_zone_id": "use1-az2",
            "cidr_block": "10.0.11.0/24",
            "customer_owned_ipv4_pool": "",
            "enable_dns64": false,
            "enable_lni_at_device_index": 0,
            "enable_resource_name_dns_a_record_on_launch": false,
            "enable_resource_name_dns_aaaa_record_on_launch": false,
            "id": "subnet-0734d28ab4dd2c0e0",
            "ipv6_cidr_block": "",
            "ipv6_cidr_block_association_id": "",
            "ipv6_native": false,
            "map_customer_owned_ip_on_launch": false,
            "map_public_ip_on_launch": false,
            "outpost_arn": "",
            "owner_id": "323890960507",
            "private_dns_hostname_type_on_launch": "ip-name",
            "tags": {
              "Name": "private-app-subnet-2-dev"
            },
            "tags_all": {
              "Name": "private-app-subnet-2-dev"
            },
            "timeouts": null,
            "vpc_id": "vpc-0c0b4077c9d3e6c9e"
          },
          "sensitive_attributes": [],
          "identity_schema_version": 0,
          "private": "eyJlMmJmYjczMC1lY2FhLTExZTYtOGY4OC0zNDM2M2JjN2M0YzAiOnsiY3JlYXRlIjo2MDAwMDAwMDAwMDAsImRlbGV0ZSI6MTIwMDAwMDAwMDAwMH0sInNjaGVtYV92ZXJzaW9uIjoiMSJ9",
          "dependencies": [
            "aws_vpc.main",
            "data.aws_availability_zones.available"
          ]
        }
      ]
    },
    {
      "mode": "managed",
      "type": "aws_subnet",
      "name": "private_db",
      "provider": "provider[\"registry.terraform.io/hashicorp/aws\"]",
      "instances": [
        {
          "index_key": 0,
          "schema_version": 1,
          "attributes": {
            "arn": "arn:aws:ec2:us-east-1:323890960507:subnet/subnet-0900598085b17639d",
            "assign_ipv6_address_on_creation": false,
            "availability_zone": "us-east-1a",
            "availability_zone_id": "use1-az1",
            "cidr_block": "10.0.20.0/24",
            "customer_owned_ipv4_pool": "",
            "enable_dns64": false,
            "enable_lni_at_device_index": 0,
            "enable_resource_name_dns_a_record_on_launch": false,
            "enable_resource_name_dns_aaaa_record_on_launch": false,
            "id": "subnet-0900598085b17639d",
            "ipv6_cidr_block": "",
            "ipv6_cidr_block_association_id": "",
            "ipv6_native": false,
            "map_customer_owned_ip_on_launch": false,
            "map_public_ip_on_launch": false,
            "outpost_arn": "",
            "owner_id": "323890960507",
            "private_dns_hostname_type_on_launch": "ip-name",
            "tags": {
              "Name": "private-db-subnet-1-dev"
            },
            "tags_all": {
              "Name": "private-db-subnet-1-dev"
            },
            "timeouts": null,
            "vpc_id": "vpc-0c0b4077c9d3e6c9e"
          },
          "sensitive_attributes": [],
          "identity_schema_version": 0,
          "private": "eyJlMmJmYjczMC1lY2FhLTExZTYtOGY4OC0zNDM2M2JjN2M0YzAiOnsiY3JlYXRlIjo2MDAwMDAwMDAwMDAsImRlbGV0ZSI6MTIwMDAwMDAwMDAwMH0sInNjaGVtYV92ZXJzaW9uIjoiMSJ9",
          "dependencies": [
            "aws_vpc.main",
            "data.aws_availability_zones.available"
          ]
        },
        {
          "index_key": 1,
          "schema_version": 1,
          "attributes": {
            "arn": "arn:aws:ec2:us-east-1:323890960507:subnet/subnet-0bc5e071e92c9837e",
            "assign_ipv6_address_on_creation": false,
            "availability_zone": "us-east-1b",
            "availability_zone_id": "use1-az2",
            "cidr_block": "10.0.21.0/24",
            "customer_owned_ipv4_pool": "",
            "enable_dns64": false,
            "enable_lni_at_device_index": 0,
            "enable_resource_name_dns_a_record_on_launch": false,
            "enable_resource_name_dns_aaaa_record_on_launch": false,
            "id": "subnet-0bc5e071e92c9837e",
            "ipv6_cidr_block": "",
            "ipv6_cidr_block_association_id": "",
            "ipv6_native": false,
            "map_customer_owned_ip_on_launch": false,
            "map_public_ip_on_launch": false,
            "outpost_arn": "",
            "owner_id": "323890960507",
            "private_dns_hostname_type_on_launch": "ip-name",
            "tags": {
              "Name": "private-db-subnet-2-dev"
            },
            "tags_all": {
              "Name": "private-db-subnet-2-dev"
            },
            "timeouts": null,
            "vpc_id": "vpc-0c0b4077c9d3e6c9e"
          },
          "sensitive_attributes": [],
          "identity_schema_version": 0,
          "private": "eyJlMmJmYjczMC1lY2FhLTExZTYtOGY4OC0zNDM2M2JjN2M0YzAiOnsiY3JlYXRlIjo2MDAwMDAwMDAwMDAsImRlbGV0ZSI6MTIwMDAwMDAwMDAwMH0sInNjaGVtYV92ZXJzaW9uIjoiMSJ9",
          "dependencies": [
            "aws_vpc.main",
            "data.aws_availability_zones.available"
          ]
        }
      ]
    },
    {
      "mode": "managed",
      "type": "aws_subnet",
      "name": "public",
      "provider": "provider[\"registry.terraform.io/hashicorp/aws\"]",
      "instances": [
        {
          "index_key": 0,
          "schema_version": 1,
          "attributes": {
            "arn": "arn:aws:ec2:us-east-1:323890960507:subnet/subnet-09012e7d9982c48cb",
            "assign_ipv6_address_on_creation": false,
            "availability_zone": "us-east-1a",
            "availability_zone_id": "use1-az1",
            "cidr_block": "10.0.0.0/24",
            "customer_owned_ipv4_pool": "",
            "enable_dns64": false,
            "enable_lni_at_device_index": 0,
            "enable_resource_name_dns_a_record_on_launch": false,
            "enable_resource_name_dns_aaaa_record_on_launch": false,
            "id": "subnet-09012e7d9982c48cb",
            "ipv6_cidr_block": "",
            "ipv6_cidr_block_association_id": "",
            "ipv6_native": false,
            "map_customer_owned_ip_on_launch": false,
            "map_public_ip_on_launch": true,
            "outpost_arn": "",
            "owner_id": "323890960507",
            "private_dns_hostname_type_on_launch": "ip-name",
            "tags": {
              "Name": "public-subnet-1-dev"
            },
            "tags_all": {
              "Name": "public-subnet-1-dev"
            },
            "timeouts": null,
            "vpc_id": "vpc-0c0b4077c9d3e6c9e"
          },
          "sensitive_attributes": [],
          "identity_schema_version": 0,
          "private": "eyJlMmJmYjczMC1lY2FhLTExZTYtOGY4OC0zNDM2M2JjN2M0YzAiOnsiY3JlYXRlIjo2MDAwMDAwMDAwMDAsImRlbGV0ZSI6MTIwMDAwMDAwMDAwMH0sInNjaGVtYV92ZXJzaW9uIjoiMSJ9",
          "dependencies": [
            "aws_vpc.main",
            "data.aws_availability_zones.available"
          ]
        },
        {
          "index_key": 1,
          "schema_version": 1,
          "attributes": {
            "arn": "arn:aws:ec2:us-east-1:323890960507:subnet/subnet-0278a9b134e62d20d",
            "assign_ipv6_address_on_creation": false,
            "availability_zone": "us-east-1b",
            "availability_zone_id": "use1-az2",
            "cidr_block": "10.0.1.0/24",
            "customer_owned_ipv4_pool": "",
            "enable_dns64": false,
            "enable_lni_at_device_index": 0,
            "enable_resource_name_dns_a_record_on_launch": false,
            "enable_resource_name_dns_aaaa_record_on_launch": false,
            "id": "subnet-0278a9b134e62d20d",
            "ipv6_cidr_block": "",
            "ipv6_cidr_block_association_id": "",
            "ipv6_native": false,
            "map_customer_owned_ip_on_launch": false,
            "map_public_ip_on_launch": true,
            "outpost_arn": "",
            "owner_id": "323890960507",
            "private_dns_hostname_type_on_launch": "ip-name",
            "tags": {
              "Name": "public-subnet-2-dev"
            },
            "tags_all": {
              "Name": "public-subnet-2-dev"
            },
            "timeouts": null,
            "vpc_id": "vpc-0c0b4077c9d3e6c9e"
          },
          "sensitive_attributes": [],
          "identity_schema_version": 0,
          "private": "eyJlMmJmYjczMC1lY2FhLTExZTYtOGY4OC0zNDM2M2JjN2M0YzAiOnsiY3JlYXRlIjo2MDAwMDAwMDAwMDAsImRlbGV0ZSI6MTIwMDAwMDAwMDAwMH0sInNjaGVtYV92ZXJzaW9uIjoiMSJ9",
          "dependencies": [
            "aws_vpc.main",
            "data.aws_availability_zones.available"
          ]
        }
      ]
    },
    {
      "mode": "managed",
      "type": "aws_vpc",
      "name": "main",
      "provider": "provider[\"registry.terraform.io/hashicorp/aws\"]",
      "instances": [
        {
          "schema_version": 1,
          "attributes": {
            "arn": "arn:aws:ec2:us-east-1:323890960507:vpc/vpc-0c0b4077c9d3e6c9e",
            "assign_generated_ipv6_cidr_block": false,
            "cidr_block": "10.0.0.0/16",
            "default_network_acl_id": "acl-0b2dec63580e655b4",
            "default_route_table_id": "rtb-084509fb6c3a459eb",
            "default_security_group_id": "sg-05fa7dee47e6cea7e",
            "dhcp_options_id": "dopt-077b6b93ce3605741",
            "enable_dns_hostnames": false,
            "enable_dns_support": true,
            "enable_network_address_usage_metrics": false,
            "id": "vpc-0c0b4077c9d3e6c9e",
            "instance_tenancy": "default",
            "ipv4_ipam_pool_id": null,
            "ipv4_netmask_length": null,
            "ipv6_association_id": "",
            "ipv6_cidr_block": "",
            "ipv6_cidr_block_network_border_group": "",
            "ipv6_ipam_pool_id": "",
            "ipv6_netmask_length": 0,
            "main_route_table_id": "rtb-084509fb6c3a459eb",
            "owner_id": "323890960507",
            "tags": {
              "Name": "three-tier-vpc-dev"
            },
            "tags_all": {
              "Name": "three-tier-vpc-dev"
            }
          },
          "sensitive_attributes": [],
          "identity_schema_version": 0,
          "private": "eyJzY2hlbWFfdmVyc2lvbiI6IjEifQ=="
        }
      ]
    }
  ],
  "check_results": null
}
